// !$*UTF8*$!
{
	archiveVersion = 1;
	classes = {
	};
	objectVersion = 77;
	objects = {

/* Begin PBXBuildFile section */
		A11A9011C5F14330FA150002 /* AppTheme.swift in Sources */ = {isa = PBXBuildFile; fileRef = A11A9011C5F14330FA150001 /* AppTheme.swift */; };
		A11A9011C5F14330FA150004 /* SideMenuView.swift in Sources */ = {isa = PBXBuildFile; fileRef = A11A9011C5F14330FA150003 /* SideMenuView.swift */; };
		A11A9011C5F14330FA150006 /* ProfileViewModel.swift in Sources */ = {isa = PBXBuildFile; fileRef = A11A9011C5F14330FA150005 /* ProfileViewModel.swift */; };
		A11A9011C5F14330FA150008 /* StatisticCardView.swift in Sources */ = {isa = PBXBuildFile; fileRef = A11A9011C5F14330FA150007 /* StatisticCardView.swift */; };
		A11A9011C5F14330FA15000A /* EditProfileView.swift in Sources */ = {isa = PBXBuildFile; fileRef = A11A9011C5F14330FA150009 /* EditProfileView.swift */; };
		A11A9011C5F14330FA15000C /* SearchViewModel.swift in Sources */ = {isa = PBXBuildFile; fileRef = A11A9011C5F14330FA15000B /* SearchViewModel.swift */; };
		A11A9011C5F14330FA15000E /* SearchRowView.swift in Sources */ = {isa = PBXBuildFile; fileRef = A11A9011C5F14330FA15000D /* SearchRowView.swift */; };
		A11A9011C5F14330FA150012 /* FavoriteItem.swift in Sources */ = {isa = PBXBuildFile; fileRef = A11A9011C5F14330FA150011 /* FavoriteItem.swift */; };
		A11A9011C5F14330FA150014 /* FavoritesViewModel.swift in Sources */ = {isa = PBXBuildFile; fileRef = A11A9011C5F14330FA150013 /* FavoritesViewModel.swift */; };
		A11A9011C5F14330FA150016 /* FavoriteRowView.swift in Sources */ = {isa = PBXBuildFile; fileRef = A11A9011C5F14330FA150015 /* FavoriteRowView.swift */; };
		AA1A9011C5F14330FA15049E /* SettingsView.swift in Sources */ = {isa = PBXBuildFile; fileRef = 66D7A8CB1867A2F01CDEDA25 /* SettingsView.swift */; };
		C276BBC22FD68C3B005E546D /* Assets.xcassets in Resources */ = {isa = PBXBuildFile; fileRef = C276BBBD2FD68C3B005E546D /* Assets.xcassets */; };
		C276BBC32FD68C3B005E546D /* ContentView.swift in Sources */ = {isa = PBXBuildFile; fileRef = C276BBBE2FD68C3B005E546D /* ContentView.swift */; };
		C276BBC42FD68C3B005E546D /* MainTabView.swift in Sources */ = {isa = PBXBuildFile; fileRef = C276BBBF2FD68C3B005E546D /* MainTabView.swift */; };
		C276BBC52FD68C3B005E546D /* SwiftUIUpdatesApp.swift in Sources */ = {isa = PBXBuildFile; fileRef = C276BBC02FD68C3B005E546D /* SwiftUIUpdatesApp.swift */; };
		C276BBC72FD68CE3005E546D /* CustomCardView.swift in Sources */ = {isa = PBXBuildFile; fileRef = C276BBC62FD68CE3005E546D /* CustomCardView.swift */; };
		C276BBCC2FD6E853005E546D /* GIT.md in Resources */ = {isa = PBXBuildFile; fileRef = C276BBCB2FD6E853005E546D /* GIT.md */; };
		C276BBCE2FD6E870005E546D /* TESTING.md in Resources */ = {isa = PBXBuildFile; fileRef = C276BBCD2FD6E870005E546D /* TESTING.md */; };
		C276BBD02FD68CE3005E546D /* HomeView.swift in Sources */ = {isa = PBXBuildFile; fileRef = C276BBD12FD68CE3005E546D /* HomeView.swift */; };
		C276BBD22FD68CE3005E546D /* SearchView.swift in Sources */ = {isa = PBXBuildFile; fileRef = C276BBD32FD68CE3005E546D /* SearchView.swift */; };
		C276BBD42FD68CE3005E546D /* FavoritesView.swift in Sources */ = {isa = PBXBuildFile; fileRef = C276BBD52FD68CE3005E546D /* FavoritesView.swift */; };
		C276BBD62FD68CE3005E546D /* ProfileView.swift in Sources */ = {isa = PBXBuildFile; fileRef = C276BBD72FD68CE3005E546D /* ProfileView.swift */; };
		F18C9DCF3EE14ED4742F8CA7 /* MainTabViewTests.swift in Sources */ = {isa = PBXBuildFile; fileRef = BFD07A4DA50119E378054DA3 /* MainTabViewTests.swift */; };
		FB3183492DF3C2392878C751 /* Foundation.framework in Frameworks */ = {isa = PBXBuildFile; fileRef = 03B72FD7C37E397A10EE8E68 /* Foundation.framework */; };
		FCAC354C4A4F2CCCF3FA9D86 /* NavigationTitleAppearanceTests.swift in Sources */ = {isa = PBXBuildFile; fileRef = 1BBD5E3BA0E0872A63D6064D /* NavigationTitleAppearanceTests.swift */; };
/* End PBXBuildFile section */

/* Begin PBXContainerItemProxy section */
		D3BCE7E3E3C857ECD28A1126 /* PBXContainerItemProxy */ = {
			isa = PBXContainerItemProxy;
			containerPortal = C276BBA52FD68AEF005E546D /* Project object */;
			proxyType = 1;
			remoteGlobalIDString = C276BBAC2FD68AEF005E546D;
			remoteInfo = SwiftUIUpdates;
		};
/* End PBXContainerItemProxy section */

/* Begin PBXFileReference section */
		03B72FD7C37E397A10EE8E68 /* Foundation.framework */ = {isa = PBXFileReference; lastKnownFileType = wrapper.framework; name = Foundation.framework; path = Platforms/iPhoneOS.platform/Developer/SDKs/iPhoneOS18.0.sdk/System/Library/Frameworks/Foundation.framework; sourceTree = DEVELOPER_DIR; };
		03CF108B4B7CA3EBE7CB7A30 /* SwiftUIUpdatesUnitTests.xctest */ = {isa = PBXFileReference; explicitFileType = wrapper.cfbundle; includeInIndex = 0; path = SwiftUIUpdatesUnitTests.xctest; sourceTree = BUILT_PRODUCTS_DIR; };
		1BBD5E3BA0E0872A63D6064D /* NavigationTitleAppearanceTests.swift */ = {isa = PBXFileReference; includeInIndex = 1; lastKnownFileType = sourcecode.swift; path = NavigationTitleAppearanceTests.swift; sourceTree = "<group>"; };
		66D7A8CB1867A2F01CDEDA25 /* SettingsView.swift */ = {isa = PBXFileReference; includeInIndex = 1; lastKnownFileType = sourcecode.swift; path = SettingsView.swift; sourceTree = "<group>"; };
		A11A9011C5F14330FA150001 /* AppTheme.swift */ = {isa = PBXFileReference; lastKnownFileType = sourcecode.swift; path = AppTheme.swift; sourceTree = "<group>"; };
		A11A9011C5F14330FA150003 /* SideMenuView.swift */ = {isa = PBXFileReference; lastKnownFileType = sourcecode.swift; path = SideMenuView.swift; sourceTree = "<group>"; };
		A11A9011C5F14330FA150005 /* ProfileViewModel.swift */ = {isa = PBXFileReference; lastKnownFileType = sourcecode.swift; path = ProfileViewModel.swift; sourceTree = "<group>"; };
		A11A9011C5F14330FA150007 /* StatisticCardView.swift */ = {isa = PBXFileReference; lastKnownFileType = sourcecode.swift; path = StatisticCardView.swift; sourceTree = "<group>"; };
		A11A9011C5F14330FA150009 /* EditProfileView.swift */ = {isa = PBXFileReference; lastKnownFileType = sourcecode.swift; path = EditProfileView.swift; sourceTree = "<group>"; };
		A11A9011C5F14330FA15000B /* SearchViewModel.swift */ = {isa = PBXFileReference; lastKnownFileType = sourcecode.swift; path = SearchViewModel.swift; sourceTree = "<group>"; };
		A11A9011C5F14330FA15000D /* SearchRowView.swift */ = {isa = PBXFileReference; lastKnownFileType = sourcecode.swift; path = SearchRowView.swift; sourceTree = "<group>"; };
		A11A9011C5F14330FA150011 /* FavoriteItem.swift */ = {isa = PBXFileReference; lastKnownFileType = sourcecode.swift; path = FavoriteItem.swift; sourceTree = "<group>"; };
		A11A9011C5F14330FA150013 /* FavoritesViewModel.swift */ = {isa = PBXFileReference; lastKnownFileType = sourcecode.swift; path = FavoritesViewModel.swift; sourceTree = "<group>"; };
		A11A9011C5F14330FA150015 /* FavoriteRowView.swift */ = {isa = PBXFileReference; lastKnownFileType = sourcecode.swift; path = FavoriteRowView.swift; sourceTree = "<group>"; };
		BFD07A4DA50119E378054DA3 /* MainTabViewTests.swift */ = {isa = PBXFileReference; includeInIndex = 1; lastKnownFileType = sourcecode.swift; path = MainTabViewTests.swift; sourceTree = "<group>"; };
		C276BBAD2FD68AEF005E546D /* SwiftUIUpdates.app */ = {isa = PBXFileReference; explicitFileType = wrapper.application; includeInIndex = 0; path = SwiftUIUpdates.app; sourceTree = BUILT_PRODUCTS_DIR; };
		C276BBBD2FD68C3B005E546D /* Assets.xcassets */ = {isa = PBXFileReference; lastKnownFileType = folder.assetcatalog; path = Assets.xcassets; sourceTree = "<group>"; };
		C276BBBE2FD68C3B005E546D /* ContentView.swift */ = {isa = PBXFileReference; lastKnownFileType = sourcecode.swift; path = ContentView.swift; sourceTree = "<group>"; };
		C276BBBF2FD68C3B005E546D /* MainTabView.swift */ = {isa = PBXFileReference; lastKnownFileType = sourcecode.swift; path = MainTabView.swift; sourceTree = "<group>"; };
		C276BBC02FD68C3B005E546D /* SwiftUIUpdatesApp.swift */ = {isa = PBXFileReference; lastKnownFileType = sourcecode.swift; path = SwiftUIUpdatesApp.swift; sourceTree = "<group>"; };
		C276BBC62FD68CE3005E546D /* CustomCardView.swift */ = {isa = PBXFileReference; lastKnownFileType = sourcecode.swift; path = CustomCardView.swift; sourceTree = "<group>"; };
		C276BBC82FD69DAF005E546D /* AGENTS.md */ = {isa = PBXFileReference; lastKnownFileType = net.daringfireball.markdown; path = AGENTS.md; sourceTree = "<group>"; };
		C276BBCB2FD6E853005E546D /* GIT.md */ = {isa = PBXFileReference; lastKnownFileType = net.daringfireball.markdown; path = GIT.md; sourceTree = "<group>"; };
		C276BBCD2FD6E870005E546D /* TESTING.md */ = {isa = PBXFileReference; lastKnownFileType = net.daringfireball.markdown; path = TESTING.md; sourceTree = "<group>"; };
		C276BBD12FD68CE3005E546D /* HomeView.swift */ = {isa = PBXFileReference; lastKnownFileType = sourcecode.swift; path = HomeView.swift; sourceTree = "<group>"; };
		C276BBD32FD68CE3005E546D /* SearchView.swift */ = {isa = PBXFileReference; lastKnownFileType = sourcecode.swift; path = SearchView.swift; sourceTree = "<group>"; };
		C276BBD52FD68CE3005E546D /* FavoritesView.swift */ = {isa = PBXFileReference; lastKnownFileType = sourcecode.swift; path = FavoritesView.swift; sourceTree = "<group>"; };
		C276BBD72FD68CE3005E546D /* ProfileView.swift */ = {isa = PBXFileReference; lastKnownFileType = sourcecode.swift; path = ProfileView.swift; sourceTree = "<group>"; };
/* End PBXFileReference section */

/* Begin PBXFrameworksBuildPhase section */
		52A80465948ACFF5BBC8EFF3 /* Frameworks */ = {
			isa = PBXFrameworksBuildPhase;
			buildActionMask = 2147483647;
			files = (
				FB3183492DF3C2392878C751 /* Foundation.framework in Frameworks */,
			);
			runOnlyForDeploymentPostprocessing = 0;
		};
		C276BBAA2FD68AEF005E546D /* Frameworks */ = {
			isa = PBXFrameworksBuildPhase;
			buildActionMask = 2147483647;
			files = (
			);
			runOnlyForDeploymentPostprocessing = 0;
		};
/* End PBXFrameworksBuildPhase section */

/* Begin PBXGroup section */
		8D368576E450877FC18CA78E /* SwiftUIUpdatesUnitTests */ = {
			isa = PBXGroup;
			children = (
				BFD07A4DA50119E378054DA3 /* MainTabViewTests.swift */,
				1BBD5E3BA0E0872A63D6064D /* NavigationTitleAppearanceTests.swift */,
			);
			path = SwiftUIUpdatesUnitTests;
			sourceTree = "<group>";
		};
		A4C4B61A98C8CB4AEB3A5B54 /* iOS */ = {
			isa = PBXGroup;
			children = (
				03B72FD7C37E397A10EE8E68 /* Foundation.framework */,
			);
			name = iOS;
			sourceTree = "<group>";
		};
		C276BBA42FD68AEF005E546D = {
			isa = PBXGroup;
			children = (
				C276BBC82FD69DAF005E546D /* AGENTS.md */,
				C276BBCB2FD6E853005E546D /* GIT.md */,
				C276BBCD2FD6E870005E546D /* TESTING.md */,
				C276BBC12FD68C3B005E546D /* SwiftUIUpdates */,
				C276BBAE2FD68AEF005E546D /* Products */,
				FEBE55C7FEFBECF755C2EE06 /* Frameworks */,
				8D368576E450877FC18CA78E /* SwiftUIUpdatesUnitTests */,
			);
			sourceTree = "<group>";
		};
		C276BBAE2FD68AEF005E546D /* Products */ = {
			isa = PBXGroup;
			children = (
				C276BBAD2FD68AEF005E546D /* SwiftUIUpdates.app */,
				03CF108B4B7CA3EBE7CB7A30 /* SwiftUIUpdatesUnitTests.xctest */,
			);
			name = Products;
			sourceTree = "<group>";
		};
		C276BBC12FD68C3B005E546D /* SwiftUIUpdates */ = {
			isa = PBXGroup;
			children = (
				C276BBC02FD68C3B005E546D /* SwiftUIUpdatesApp.swift */,
				C276BBBE2FD68C3B005E546D /* ContentView.swift */,
				C276BBBF2FD68C3B005E546D /* MainTabView.swift */,
				C276BBD12FD68CE3005E546D /* HomeView.swift */,
				C276BBD32FD68CE3005E546D /* SearchView.swift */,
				C276BBD52FD68CE3005E546D /* FavoritesView.swift */,
				C276BBD72FD68CE3005E546D /* ProfileView.swift */,
				C276BBC62FD68CE3005E546D /* CustomCardView.swift */,
				A11A9011C5F14330FA150001 /* AppTheme.swift */,
				A11A9011C5F14330FA150003 /* SideMenuView.swift */,
				A11A9011C5F14330FA150005 /* ProfileViewModel.swift */,
				A11A9011C5F14330FA150007 /* StatisticCardView.swift */,
				A11A9011C5F14330FA150009 /* EditProfileView.swift */,
				A11A9011C5F14330FA150011 /* FavoriteItem.swift */,
				A11A9011C5F14330FA150013 /* FavoritesViewModel.swift */,
				A11A9011C5F14330FA150015 /* FavoriteRowView.swift */,
				A11A9011C5F14330FA15000B /* SearchViewModel.swift */,
				A11A9011C5F14330FA15000D /* SearchRowView.swift */,
				C276BBBD2FD68C3B005E546D /* Assets.xcassets */,
				66D7A8CB1867A2F01CDEDA25 /* SettingsView.swift */,
			);
			path = SwiftUIUpdates;
			sourceTree = "<group>";
		};
		FEBE55C7FEFBECF755C2EE06 /* Frameworks */ = {
			isa = PBXGroup;
			children = (
				A4C4B61A98C8CB4AEB3A5B54 /* iOS */,
			);
			name = Frameworks;
			sourceTree = "<group>";
		};
/* End PBXGroup section */

/* Begin PBXNativeTarget section */
		40532CD60E03CD1C7929ED38 /* SwiftUIUpdatesUnitTests */ = {
			isa = PBXNativeTarget;
			buildConfigurationList = 08E5EC29A8525477F26292D8 /* Build configuration list for PBXNativeTarget "SwiftUIUpdatesUnitTests" */;
			buildPhases = (
				89EB9804DD9BCE8EFC88182D /* Sources */,
				52A80465948ACFF5BBC8EFF3 /* Frameworks */,
				59562038942ABCFD7944AF29 /* Resources */,
			);
			buildRules = (
			);
			dependencies = (
				3F6644F820912CDBF5C9C16F /* PBXTargetDependency */,
			);
			name = SwiftUIUpdatesUnitTests;
			productName = SwiftUIUpdatesUnitTests;
			productReference = 03CF108B4B7CA3EBE7CB7A30 /* SwiftUIUpdatesUnitTests.xctest */;
			productType = "com.apple.product-type.bundle.unit-test";
		};
		C276BBAC2FD68AEF005E546D /* SwiftUIUpdates */ = {
			isa = PBXNativeTarget;
			buildConfigurationList = C276BBB82FD68AF0005E546D /* Build configuration list for PBXNativeTarget "SwiftUIUpdates" */;
			buildPhases = (
				C276BBA92FD68AEF005E546D /* Sources */,
				C276BBAA2FD68AEF005E546D /* Frameworks */,
				C276BBAB2FD68AEF005E546D /* Resources */,
			);
			buildRules = (
			);
			dependencies = (
			);
			name = SwiftUIUpdates;
			productName = SwiftUIUpdates;
			productReference = C276BBAD2FD68AEF005E546D /* SwiftUIUpdates.app */;
			productType = "com.apple.product-type.application";
		};
/* End PBXNativeTarget section */

/* Begin PBXProject section */
		C276BBA52FD68AEF005E546D /* Project object */ = {
			isa = PBXProject;
			attributes = {
				BuildIndependentTargetsInParallel = 1;
				LastSwiftUpdateCheck = 2610;
				LastUpgradeCheck = 2610;
				TargetAttributes = {
					C276BBAC2FD68AEF005E546D = {
						CreatedOnToolsVersion = 26.1;
					};
				};
			};
			buildConfigurationList = C276BBA82FD68AEF005E546D /* Build configuration list for PBXProject "SwiftUIUpdates" */;
			developmentRegion = en;
			hasScannedForEncodings = 0;
			knownRegions = (
				en,
				Base,
			);
			mainGroup = C276BBA42FD68AEF005E546D;
			minimizedProjectReferenceProxies = 1;
			preferredProjectObjectVersion = 77;
			productRefGroup = C276BBAE2FD68AEF005E546D /* Products */;
			projectDirPath = "";
			projectRoot = "";
			targets = (
				C276BBAC2FD68AEF005E546D /* SwiftUIUpdates */,
				40532CD60E03CD1C7929ED38 /* SwiftUIUpdatesUnitTests */,
			);
		};
/* End PBXProject section */

/* Begin PBXResourcesBuildPhase section */
		59562038942ABCFD7944AF29 /* Resources */ = {
			isa = PBXResourcesBuildPhase;
			buildActionMask = 2147483647;
			files = (
			);
			runOnlyForDeploymentPostprocessing = 0;
		};
		C276BBAB2FD68AEF005E546D /* Resources */ = {
			isa = PBXResourcesBuildPhase;
			buildActionMask = 2147483647;
			files = (
				C276BBC22FD68C3B005E546D /* Assets.xcassets in Resources */,
				C276BBCE2FD6E870005E546D /* TESTING.md in Resources */,
				C276BBCC2FD6E853005E546D /* GIT.md in Resources */,
			);
			runOnlyForDeploymentPostprocessing = 0;
		};
/* End PBXResourcesBuildPhase section */

/* Begin PBXSourcesBuildPhase section */
		89EB9804DD9BCE8EFC88182D /* Sources */ = {
			isa = PBXSourcesBuildPhase;
			buildActionMask = 2147483647;
			files = (
				F18C9DCF3EE14ED4742F8CA7 /* MainTabViewTests.swift in Sources */,
				FCAC354C4A4F2CCCF3FA9D86 /* NavigationTitleAppearanceTests.swift in Sources */,
			);
			runOnlyForDeploymentPostprocessing = 0;
		};
		C276BBA92FD68AEF005E546D /* Sources */ = {
			isa = PBXSourcesBuildPhase;
			buildActionMask = 2147483647;
			files = (
				C276BBC32FD68C3B005E546D /* ContentView.swift in Sources */,
				C276BBD02FD68CE3005E546D /* HomeView.swift in Sources */,
				C276BBD22FD68CE3005E546D /* SearchView.swift in Sources */,
				C276BBD42FD68CE3005E546D /* FavoritesView.swift in Sources */,
				C276BBD62FD68CE3005E546D /* ProfileView.swift in Sources */,
				C276BBC72FD68CE3005E546D /* CustomCardView.swift in Sources */,
				C276BBC42FD68C3B005E546D /* MainTabView.swift in Sources */,
				C276BBC52FD68C3B005E546D /* SwiftUIUpdatesApp.swift in Sources */,
				AA1A9011C5F14330FA15049E /* SettingsView.swift in Sources */,
				A11A9011C5F14330FA150002 /* AppTheme.swift in Sources */,
				A11A9011C5F14330FA150004 /* SideMenuView.swift in Sources */,
				A11A9011C5F14330FA150006 /* ProfileViewModel.swift in Sources */,
				A11A9011C5F14330FA150008 /* StatisticCardView.swift in Sources */,
				A11A9011C5F14330FA15000A /* EditProfileView.swift in Sources */,
				A11A9011C5F14330FA150012 /* FavoriteItem.swift in Sources */,
				A11A9011C5F14330FA150014 /* FavoritesViewModel.swift in Sources */,
				A11A9011C5F14330FA150016 /* FavoriteRowView.swift in Sources */,
				A11A9011C5F14330FA15000C /* SearchViewModel.swift in Sources */,
				A11A9011C5F14330FA15000E /* SearchRowView.swift in Sources */,
			);
			runOnlyForDeploymentPostprocessing = 0;
		};
/* End PBXSourcesBuildPhase section */

/* Begin PBXTargetDependency section */
		3F6644F820912CDBF5C9C16F /* PBXTargetDependency */ = {
			isa = PBXTargetDependency;
			name = SwiftUIUpdates;
			target = C276BBAC2FD68AEF005E546D /* SwiftUIUpdates */;
			targetProxy = D3BCE7E3E3C857ECD28A1126 /* PBXContainerItemProxy */;
		};
/* End PBXTargetDependency section */

/* Begin XCBuildConfiguration section */
		2D0B51EA447C55234C90FF7C /* Release */ = {
			isa = XCBuildConfiguration;
			buildSettings = {
				BUNDLE_LOADER = "$(TEST_HOST)";
				CLANG_ENABLE_OBJC_WEAK = NO;
				CODE_SIGN_STYLE = Automatic;
				DEVELOPMENT_TEAM = 4F7HT7PB8X;
				GENERATE_INFOPLIST_FILE = YES;
				IPHONEOS_DEPLOYMENT_TARGET = 26.1;
				PRODUCT_BUNDLE_IDENTIFIER = com.krishnaraj.SwiftUIUpdatesUnitTests;
				PRODUCT_NAME = "$(TARGET_NAME)";
				SDKROOT = iphoneos;
				SWIFT_EMIT_LOC_STRINGS = NO;
				SWIFT_VERSION = 5.0;
				TARGETED_DEVICE_FAMILY = "1,2";
				TEST_HOST = "$(BUILT_PRODUCTS_DIR)/SwiftUIUpdates.app/$(BUNDLE_EXECUTABLE_FOLDER_PATH)/SwiftUIUpdates";
				VALIDATE_PRODUCT = YES;
			};
			name = Release;
		};
		C276BBB62FD68AF0005E546D /* Debug */ = {
			isa = XCBuildConfiguration;
			buildSettings = {
				ALWAYS_SEARCH_USER_PATHS = NO;
				ASSETCATALOG_COMPILER_GENERATE_SWIFT_ASSET_SYMBOL_EXTENSIONS = YES;
				CLANG_ANALYZER_NONNULL = YES;
				CLANG_ANALYZER_NUMBER_OBJECT_CONVERSION = YES_AGGRESSIVE;
				CLANG_CXX_LANGUAGE_STANDARD = "gnu++20";
				CLANG_ENABLE_MODULES = YES;
				CLANG_ENABLE_OBJC_ARC = YES;
				CLANG_ENABLE_OBJC_WEAK = YES;
				CLANG_WARN_BLOCK_CAPTURE_AUTORELEASING = YES;
				CLANG_WARN_BOOL_CONVERSION = YES;
				CLANG_WARN_COMMA = YES;
				CLANG_WARN_CONSTANT_CONVERSION = YES;
				CLANG_WARN_DEPRECATED_OBJC_IMPLEMENTATIONS = YES;
				CLANG_WARN_DIRECT_OBJC_ISA_USAGE = YES_ERROR;
				CLANG_WARN_DOCUMENTATION_COMMENTS = YES;
				CLANG_WARN_EMPTY_BODY = YES;
				CLANG_WARN_ENUM_CONVERSION = YES;
				CLANG_WARN_INFINITE_RECURSION = YES;
				CLANG_WARN_INT_CONVERSION = YES;
				CLANG_WARN_NON_LITERAL_NULL_CONVERSION = YES;
				CLANG_WARN_OBJC_IMPLICIT_RETAIN_SELF = YES;
				CLANG_WARN_OBJC_LITERAL_CONVERSION = YES;
				CLANG_WARN_OBJC_ROOT_CLASS = YES_ERROR;
				CLANG_WARN_QUOTED_INCLUDE_IN_FRAMEWORK_HEADER = YES;
				CLANG_WARN_RANGE_LOOP_ANALYSIS = YES;
				CLANG_WARN_STRICT_PROTOTYPES = YES;
				CLANG_WARN_SUSPICIOUS_MOVE = YES;
				CLANG_WARN_UNGUARDED_AVAILABILITY = YES_AGGRESSIVE;
				CLANG_WARN_UNREACHABLE_CODE = YES;
				CLANG_WARN__DUPLICATE_METHOD_MATCH = YES;
				COPY_PHASE_STRIP = NO;
				DEBUG_INFORMATION_FORMAT = dwarf;
				DEVELOPMENT_TEAM = 4F7HT7PB8X;
				ENABLE_STRICT_OBJC_MSGSEND = YES;
				ENABLE_TESTABILITY = YES;
				ENABLE_USER_SCRIPT_SANDBOXING = YES;
				GCC_C_LANGUAGE_STANDARD = gnu17;
				GCC_DYNAMIC_NO_PIC = NO;
				GCC_NO_COMMON_BLOCKS = YES;
				GCC_OPTIMIZATION_LEVEL = 0;
				GCC_PREPROCESSOR_DEFINITIONS = (
					"DEBUG=1",
					"$(inherited)",
				);
				GCC_WARN_64_TO_32_BIT_CONVERSION = YES;
				GCC_WARN_ABOUT_RETURN_TYPE = YES_ERROR;
				GCC_WARN_UNDECLARED_SELECTOR = YES;
				GCC_WARN_UNINITIALIZED_AUTOS = YES_AGGRESSIVE;
				GCC_WARN_UNUSED_FUNCTION = YES;
				GCC_WARN_UNUSED_VARIABLE = YES;
				IPHONEOS_DEPLOYMENT_TARGET = 26.1;
				LOCALIZATION_PREFERS_STRING_CATALOGS = YES;
				MTL_ENABLE_DEBUG_INFO = INCLUDE_SOURCE;
				MTL_FAST_MATH = YES;
				ONLY_ACTIVE_ARCH = YES;
				SDKROOT = iphoneos;
				SWIFT_ACTIVE_COMPILATION_CONDITIONS = "DEBUG $(inherited)";
				SWIFT_OPTIMIZATION_LEVEL = "-Onone";
			};
			name = Debug;
		};
		C276BBB72FD68AF0005E546D /* Release */ = {
			isa = XCBuildConfiguration;
			buildSettings = {
				ALWAYS_SEARCH_USER_PATHS = NO;
				ASSETCATALOG_COMPILER_GENERATE_SWIFT_ASSET_SYMBOL_EXTENSIONS = YES;
				CLANG_ANALYZER_NONNULL = YES;
				CLANG_ANALYZER_NUMBER_OBJECT_CONVERSION = YES_AGGRESSIVE;
				CLANG_CXX_LANGUAGE_STANDARD = "gnu++20";
				CLANG_ENABLE_MODULES = YES;
				CLANG_ENABLE_OBJC_ARC = YES;
				CLANG_ENABLE_OBJC_WEAK = YES;
				CLANG_WARN_BLOCK_CAPTURE_AUTORELEASING = YES;
				CLANG_WARN_BOOL_CONVERSION = YES;
				CLANG_WARN_COMMA = YES;
				CLANG_WARN_CONSTANT_CONVERSION = YES;
				CLANG_WARN_DEPRECATED_OBJC_IMPLEMENTATIONS = YES;
				CLANG_WARN_DIRECT_OBJC_ISA_USAGE = YES_ERROR;
				CLANG_WARN_DOCUMENTATION_COMMENTS = YES;
				CLANG_WARN_EMPTY_BODY = YES;
				CLANG_WARN_ENUM_CONVERSION = YES;
				CLANG_WARN_INFINITE_RECURSION = YES;
				CLANG_WARN_INT_CONVERSION = YES;
				CLANG_WARN_NON_LITERAL_NULL_CONVERSION = YES;
				CLANG_WARN_OBJC_IMPLICIT_RETAIN_SELF = YES;
				CLANG_WARN_OBJC_LITERAL_CONVERSION = YES;
				CLANG_WARN_OBJC_ROOT_CLASS = YES_ERROR;
				CLANG_WARN_QUOTED_INCLUDE_IN_FRAMEWORK_HEADER = YES;
				CLANG_WARN_RANGE_LOOP_ANALYSIS = YES;
				CLANG_WARN_STRICT_PROTOTYPES = YES;
				CLANG_WARN_SUSPICIOUS_MOVE = YES;
				CLANG_WARN_UNGUARDED_AVAILABILITY = YES_AGGRESSIVE;
				CLANG_WARN_UNREACHABLE_CODE = YES;
				CLANG_WARN__DUPLICATE_METHOD_MATCH = YES;
				COPY_PHASE_STRIP = NO;
				DEBUG_INFORMATION_FORMAT = "dwarf-with-dsym";
				DEVELOPMENT_TEAM = 4F7HT7PB8X;
				ENABLE_NS_ASSERTIONS = NO;
				ENABLE_STRICT_OBJC_MSGSEND = YES;
				ENABLE_USER_SCRIPT_SANDBOXING = YES;
				GCC_C_LANGUAGE_STANDARD = gnu17;
				GCC_NO_COMMON_BLOCKS = YES;
				GCC_WARN_64_TO_32_BIT_CONVERSION = YES;
				GCC_WARN_ABOUT_RETURN_TYPE = YES_ERROR;
				GCC_WARN_UNDECLARED_SELECTOR = YES;
				GCC_WARN_UNINITIALIZED_AUTOS = YES_AGGRESSIVE;
				GCC_WARN_UNUSED_FUNCTION = YES;
				GCC_WARN_UNUSED_VARIABLE = YES;
				IPHONEOS_DEPLOYMENT_TARGET = 26.1;
				LOCALIZATION_PREFERS_STRING_CATALOGS = YES;
				MTL_ENABLE_DEBUG_INFO = NO;
				MTL_FAST_MATH = YES;
				SDKROOT = iphoneos;
				SWIFT_COMPILATION_MODE = wholemodule;
				VALIDATE_PRODUCT = YES;
			};
			name = Release;
		};
		C276BBB92FD68AF0005E546D /* Debug */ = {
			isa = XCBuildConfiguration;
			buildSettings = {
				ASSETCATALOG_COMPILER_APPICON_NAME = AppIcon;
				ASSETCATALOG_COMPILER_GLOBAL_ACCENT_COLOR_NAME = AccentColor;
				CODE_SIGN_STYLE = Automatic;
				CURRENT_PROJECT_VERSION = 1;
				DEVELOPMENT_TEAM = 4F7HT7PB8X;
				ENABLE_PREVIEWS = YES;
				GENERATE_INFOPLIST_FILE = YES;
				INFOPLIST_KEY_UIApplicationSceneManifest_Generation = YES;
				INFOPLIST_KEY_UIApplicationSupportsIndirectInputEvents = YES;
				INFOPLIST_KEY_UILaunchScreen_Generation = YES;
				INFOPLIST_KEY_UISupportedInterfaceOrientations_iPad = "UIInterfaceOrientationPortrait UIInterfaceOrientationPortraitUpsideDown UIInterfaceOrientationLandscapeLeft UIInterfaceOrientationLandscapeRight";
				INFOPLIST_KEY_UISupportedInterfaceOrientations_iPhone = "UIInterfaceOrientationPortrait UIInterfaceOrientationLandscapeLeft UIInterfaceOrientationLandscapeRight";
				IPHONEOS_DEPLOYMENT_TARGET = 26.0;
				LD_RUNPATH_SEARCH_PATHS = (
					"$(inherited)",
					"@executable_path/Frameworks",
				);
				MARKETING_VERSION = 1.0;
				PRODUCT_BUNDLE_IDENTIFIER = com.krishnaraj.SwiftUIUpdates;
				PRODUCT_NAME = "$(TARGET_NAME)";
				STRING_CATALOG_GENERATE_SYMBOLS = YES;
				SWIFT_APPROACHABLE_CONCURRENCY = YES;
				SWIFT_DEFAULT_ACTOR_ISOLATION = MainActor;
				SWIFT_EMIT_LOC_STRINGS = YES;
				SWIFT_UPCOMING_FEATURE_MEMBER_IMPORT_VISIBILITY = YES;
				SWIFT_VERSION = 5.0;
				TARGETED_DEVICE_FAMILY = "1,2";
			};
			name = Debug;
		};
		C276BBBA2FD68AF0005E546D /* Release */ = {
			isa = XCBuildConfiguration;
			buildSettings = {
				ASSETCATALOG_COMPILER_APPICON_NAME = AppIcon;
				ASSETCATALOG_COMPILER_GLOBAL_ACCENT_COLOR_NAME = AccentColor;
				CODE_SIGN_STYLE = Automatic;
				CURRENT_PROJECT_VERSION = 1;
				DEVELOPMENT_TEAM = 4F7HT7PB8X;
				ENABLE_PREVIEWS = YES;
				GENERATE_INFOPLIST_FILE = YES;
				INFOPLIST_KEY_UIApplicationSceneManifest_Generation = YES;
				INFOPLIST_KEY_UIApplicationSupportsIndirectInputEvents = YES;
				INFOPLIST_KEY_UILaunchScreen_Generation = YES;
				INFOPLIST_KEY_UISupportedInterfaceOrientations_iPad = "UIInterfaceOrientationPortrait UIInterfaceOrientationPortraitUpsideDown UIInterfaceOrientationLandscapeLeft UIInterfaceOrientationLandscapeRight";
				INFOPLIST_KEY_UISupportedInterfaceOrientations_iPhone = "UIInterfaceOrientationPortrait UIInterfaceOrientationLandscapeLeft UIInterfaceOrientationLandscapeRight";
				IPHONEOS_DEPLOYMENT_TARGET = 26.0;
				LD_RUNPATH_SEARCH_PATHS = (
					"$(inherited)",
					"@executable_path/Frameworks",
				);
				MARKETING_VERSION = 1.0;
				PRODUCT_BUNDLE_IDENTIFIER = com.krishnaraj.SwiftUIUpdates;
				PRODUCT_NAME = "$(TARGET_NAME)";
				STRING_CATALOG_GENERATE_SYMBOLS = YES;
				SWIFT_APPROACHABLE_CONCURRENCY = YES;
				SWIFT_DEFAULT_ACTOR_ISOLATION = MainActor;
				SWIFT_EMIT_LOC_STRINGS = YES;
				SWIFT_UPCOMING_FEATURE_MEMBER_IMPORT_VISIBILITY = YES;
				SWIFT_VERSION = 5.0;
				TARGETED_DEVICE_FAMILY = "1,2";
			};
			name = Release;
		};
		C724665A96B545A5202F1ED2 /* Debug */ = {
			isa = XCBuildConfiguration;
			buildSettings = {
				BUNDLE_LOADER = "$(TEST_HOST)";
				CLANG_ENABLE_OBJC_WEAK = NO;
				CODE_SIGN_STYLE = Automatic;
				DEVELOPMENT_TEAM = 4F7HT7PB8X;
				GENERATE_INFOPLIST_FILE = YES;
				IPHONEOS_DEPLOYMENT_TARGET = 26.1;
				PRODUCT_BUNDLE_IDENTIFIER = com.krishnaraj.SwiftUIUpdatesUnitTests;
				PRODUCT_NAME = "$(TARGET_NAME)";
				SDKROOT = iphoneos;
				SWIFT_EMIT_LOC_STRINGS = NO;
				SWIFT_VERSION = 5.0;
				TARGETED_DEVICE_FAMILY = "1,2";
				TEST_HOST = "$(BUILT_PRODUCTS_DIR)/SwiftUIUpdates.app/$(BUNDLE_EXECUTABLE_FOLDER_PATH)/SwiftUIUpdates";
			};
			name = Debug;
		};
/* End XCBuildConfiguration section */

/* Begin XCConfigurationList section */
		08E5EC29A8525477F26292D8 /* Build configuration list for PBXNativeTarget "SwiftUIUpdatesUnitTests" */ = {
			isa = XCConfigurationList;
			buildConfigurations = (
				2D0B51EA447C55234C90FF7C /* Release */,
				C724665A96B545A5202F1ED2 /* Debug */,
			);
			defaultConfigurationIsVisible = 0;
			defaultConfigurationName = Release;
		};
		C276BBA82FD68AEF005E546D /* Build configuration list for PBXProject "SwiftUIUpdates" */ = {
			isa = XCConfigurationList;
			buildConfigurations = (
				C276BBB62FD68AF0005E546D /* Debug */,
				C276BBB72FD68AF0005E546D /* Release */,
			);
			defaultConfigurationIsVisible = 0;
			defaultConfigurationName = Release;
		};
		C276BBB82FD68AF0005E546D /* Build configuration list for PBXNativeTarget "SwiftUIUpdates" */ = {
			isa = XCConfigurationList;
			buildConfigurations = (
				C276BBB92FD68AF0005E546D /* Debug */,
				C276BBBA2FD68AF0005E546D /* Release */,
			);
			defaultConfigurationIsVisible = 0;
			defaultConfigurationName = Release;
		};
/* End XCConfigurationList section */
	};
	rootObject = C276BBA52FD68AEF005E546D /* Project object */;
}
